// !$*UTF8*$!
{
	archiveVersion = 1;
	classes = {
	};
	objectVersion = 51;
	objects = {

/* Begin PBXBuildFile section */
		87137F83246B1D770047790C /* Diary.swift in Sources */ = {isa = PBXBuildFile; fileRef = 87137F82246B1D770047790C /* Diary.swift */; };
		87137F88246B29110047790C /* LogInViewController.swift in Sources */ = {isa = PBXBuildFile; fileRef = 87137F87246B29110047790C /* LogInViewController.swift */; };
		8720C6D62466E00E00DD1DB0 /* DiaryPageViewController.swift in Sources */ = {isa = PBXBuildFile; fileRef = 8720C6D52466E00E00DD1DB0 /* DiaryPageViewController.swift */; };
		8720C6D82466E03700DD1DB0 /* DiariesTableViewController.swift in Sources */ = {isa = PBXBuildFile; fileRef = 8720C6D72466E03700DD1DB0 /* DiariesTableViewController.swift */; };
		8720C6DA2466E04600DD1DB0 /* DiaryPagesTableViewController.swift in Sources */ = {isa = PBXBuildFile; fileRef = 8720C6D92466E04600DD1DB0 /* DiaryPagesTableViewController.swift */; };
		874C2AE424483A2800542A16 /* AppDelegate.swift in Sources */ = {isa = PBXBuildFile; fileRef = 874C2AE324483A2800542A16 /* AppDelegate.swift */; };
		874C2AE624483A2800542A16 /* SceneDelegate.swift in Sources */ = {isa = PBXBuildFile; fileRef = 874C2AE524483A2800542A16 /* SceneDelegate.swift */; };
		874C2AEB24483A2800542A16 /* Main.storyboard in Resources */ = {isa = PBXBuildFile; fileRef = 874C2AE924483A2800542A16 /* Main.storyboard */; };
		874C2AED24483A2C00542A16 /* Assets.xcassets in Resources */ = {isa = PBXBuildFile; fileRef = 874C2AEC24483A2C00542A16 /* Assets.xcassets */; };
		874C2AF024483A2C00542A16 /* LaunchScreen.storyboard in Resources */ = {isa = PBXBuildFile; fileRef = 874C2AEE24483A2C00542A16 /* LaunchScreen.storyboard */; };
		87512F062472CCB800BFB1F1 /* GoogleService-Info.plist in Resources */ = {isa = PBXBuildFile; fileRef = 87512F052472CCB800BFB1F1 /* GoogleService-Info.plist */; };
		87EB439124745994004FD8A8 /* DiaryTabBarViewController.swift in Sources */ = {isa = PBXBuildFile; fileRef = 87EB439024745994004FD8A8 /* DiaryTabBarViewController.swift */; };
		BE8880EC13940EFB0C19DB86 /* Pods_skein_of_heart.framework in Frameworks */ = {isa = PBXBuildFile; fileRef = A630FE37700CFFFCFE5FCF90 /* Pods_skein_of_heart.framework */; };
/* End PBXBuildFile section */

/* Begin PBXFileReference section */
		23D1CBE5DB900D7E3344D775 /* Pods-skein-of-heart.release.xcconfig */ = {isa = PBXFileReference; includeInIndex = 1; lastKnownFileType = text.xcconfig; name = "Pods-skein-of-heart.release.xcconfig"; path = "Target Support Files/Pods-skein-of-heart/Pods-skein-of-heart.release.xcconfig"; sourceTree = "<group>"; };
		4B827B088B8E61D764E604A5 /* Pods-skein-of-heart.debug.xcconfig */ = {isa = PBXFileReference; includeInIndex = 1; lastKnownFileType = text.xcconfig; name = "Pods-skein-of-heart.debug.xcconfig"; path = "Target Support Files/Pods-skein-of-heart/Pods-skein-of-heart.debug.xcconfig"; sourceTree = "<group>"; };
		87137F82246B1D770047790C /* Diary.swift */ = {isa = PBXFileReference; lastKnownFileType = sourcecode.swift; path = Diary.swift; sourceTree = "<group>"; };
		87137F87246B29110047790C /* LogInViewController.swift */ = {isa = PBXFileReference; lastKnownFileType = sourcecode.swift; path = LogInViewController.swift; sourceTree = "<group>"; };
		8720C6D52466E00E00DD1DB0 /* DiaryPageViewController.swift */ = {isa = PBXFileReference; lastKnownFileType = sourcecode.swift; path = DiaryPageViewController.swift; sourceTree = "<group>"; };
		8720C6D72466E03700DD1DB0 /* DiariesTableViewController.swift */ = {isa = PBXFileReference; lastKnownFileType = sourcecode.swift; path = DiariesTableViewController.swift; sourceTree = "<group>"; };
		8720C6D92466E04600DD1DB0 /* DiaryPagesTableViewController.swift */ = {isa = PBXFileReference; lastKnownFileType = sourcecode.swift; path = DiaryPagesTableViewController.swift; sourceTree = "<group>"; };
		874C2AE024483A2800542A16 /* skein-of-heart.app */ = {isa = PBXFileReference; explicitFileType = wrapper.application; includeInIndex = 0; path = "skein-of-heart.app"; sourceTree = BUILT_PRODUCTS_DIR; };
		874C2AE324483A2800542A16 /* AppDelegate.swift */ = {isa = PBXFileReference; lastKnownFileType = sourcecode.swift; path = AppDelegate.swift; sourceTree = "<group>"; };
		874C2AE524483A2800542A16 /* SceneDelegate.swift */ = {isa = PBXFileReference; lastKnownFileType = sourcecode.swift; path = SceneDelegate.swift; sourceTree = "<group>"; };
		874C2AEA24483A2800542A16 /* Base */ = {isa = PBXFileReference; lastKnownFileType = file.storyboard; name = Base; path = Base.lproj/Main.storyboard; sourceTree = "<group>"; };
		874C2AEC24483A2C00542A16 /* Assets.xcassets */ = {isa = PBXFileReference; lastKnownFileType = folder.assetcatalog; path = Assets.xcassets; sourceTree = "<group>"; };
		874C2AEF24483A2C00542A16 /* Base */ = {isa = PBXFileReference; lastKnownFileType = file.storyboard; name = Base; path = Base.lproj/LaunchScreen.storyboard; sourceTree = "<group>"; };
		874C2AF124483A2C00542A16 /* Info.plist */ = {isa = PBXFileReference; lastKnownFileType = text.plist.xml; path = Info.plist; sourceTree = "<group>"; };
		87512F052472CCB800BFB1F1 /* GoogleService-Info.plist */ = {isa = PBXFileReference; fileEncoding = 4; lastKnownFileType = text.plist.xml; path = "GoogleService-Info.plist"; sourceTree = "<group>"; };
		87EB439024745994004FD8A8 /* DiaryTabBarViewController.swift */ = {isa = PBXFileReference; lastKnownFileType = sourcecode.swift; path = DiaryTabBarViewController.swift; sourceTree = "<group>"; };
		A630FE37700CFFFCFE5FCF90 /* Pods_skein_of_heart.framework */ = {isa = PBXFileReference; explicitFileType = wrapper.framework; includeInIndex = 0; path = Pods_skein_of_heart.framework; sourceTree = BUILT_PRODUCTS_DIR; };
/* End PBXFileReference section */

/* Begin PBXFrameworksBuildPhase section */
		874C2ADD24483A2800542A16 /* Frameworks */ = {
			isa = PBXFrameworksBuildPhase;
			buildActionMask = 2147483647;
			files = (
				BE8880EC13940EFB0C19DB86 /* Pods_skein_of_heart.framework in Frameworks */,
			);
			runOnlyForDeploymentPostprocessing = 0;
		};
/* End PBXFrameworksBuildPhase section */

/* Begin PBXGroup section */
		3BC6CE8FED4DA5E1BF393988 /* Pods */ = {
			isa = PBXGroup;
			children = (
				4B827B088B8E61D764E604A5 /* Pods-skein-of-heart.debug.xcconfig */,
				23D1CBE5DB900D7E3344D775 /* Pods-skein-of-heart.release.xcconfig */,
			);
			path = Pods;
			sourceTree = "<group>";
		};
		874C2AD724483A2800542A16 = {
			isa = PBXGroup;
			children = (
				874C2AE224483A2800542A16 /* skein-of-heart */,
				874C2AE124483A2800542A16 /* Products */,
				3BC6CE8FED4DA5E1BF393988 /* Pods */,
				9F360A5D1850F5A7476615DA /* Frameworks */,
			);
			sourceTree = "<group>";
		};
		874C2AE124483A2800542A16 /* Products */ = {
			isa = PBXGroup;
			children = (
				874C2AE024483A2800542A16 /* skein-of-heart.app */,
			);
			name = Products;
			sourceTree = "<group>";
		};
		874C2AE224483A2800542A16 /* skein-of-heart */ = {
			isa = PBXGroup;
			children = (
				874C2AE324483A2800542A16 /* AppDelegate.swift */,
				874C2AE524483A2800542A16 /* SceneDelegate.swift */,
				8720C6D72466E03700DD1DB0 /* DiariesTableViewController.swift */,
				8720C6D92466E04600DD1DB0 /* DiaryPagesTableViewController.swift */,
				8720C6D52466E00E00DD1DB0 /* DiaryPageViewController.swift */,
				874C2AE924483A2800542A16 /* Main.storyboard */,
				87EB439024745994004FD8A8 /* DiaryTabBarViewController.swift */,
				87137F82246B1D770047790C /* Diary.swift */,
				874C2AEC24483A2C00542A16 /* Assets.xcassets */,
				874C2AEE24483A2C00542A16 /* LaunchScreen.storyboard */,
				874C2AF124483A2C00542A16 /* Info.plist */,
				87512F052472CCB800BFB1F1 /* GoogleService-Info.plist */,
				87137F87246B29110047790C /* LogInViewController.swift */,
			);
			path = "skein-of-heart";
			sourceTree = "<group>";
		};
		9F360A5D1850F5A7476615DA /* Frameworks */ = {
			isa = PBXGroup;
			children = (
				A630FE37700CFFFCFE5FCF90 /* Pods_skein_of_heart.framework */,
			);
			name = Frameworks;
			sourceTree = "<group>";
		};
/* End PBXGroup section */

/* Begin PBXNativeTarget section */
		874C2ADF24483A2800542A16 /* skein-of-heart */ = {
			isa = PBXNativeTarget;
			buildConfigurationList = 874C2AF424483A2C00542A16 /* Build configuration list for PBXNativeTarget "skein-of-heart" */;
			buildPhases = (
				6E79ED8573EB4F2BA39826BF /* [CP] Check Pods Manifest.lock */,
				874C2ADC24483A2800542A16 /* Sources */,
				874C2ADD24483A2800542A16 /* Frameworks */,
				874C2ADE24483A2800542A16 /* Resources */,
				0EC009AF4F37A80B72BC9381 /* [CP] Embed Pods Frameworks */,
				CAE2E3DDFBC9F7EA4A5B9CE5 /* [CP] Copy Pods Resources */,
			);
			buildRules = (
			);
			dependencies = (
			);
			name = "skein-of-heart";
			productName = "skein-of-heart";
			productReference = 874C2AE024483A2800542A16 /* skein-of-heart.app */;
			productType = "com.apple.product-type.application";
		};
/* End PBXNativeTarget section */

/* Begin PBXProject section */
		874C2AD824483A2800542A16 /* Project object */ = {
			isa = PBXProject;
			attributes = {
				LastSwiftUpdateCheck = 1140;
				LastUpgradeCheck = 1140;
				ORGANIZATIONNAME = MobileX.IVIS.CWNU;
				TargetAttributes = {
					874C2ADF24483A2800542A16 = {
						CreatedOnToolsVersion = 11.4;
						LastSwiftMigration = 1140;
					};
				};
			};
			buildConfigurationList = 874C2ADB24483A2800542A16 /* Build configuration list for PBXProject "skein-of-heart" */;
			compatibilityVersion = "Xcode 9.3";
			developmentRegion = en;
			hasScannedForEncodings = 0;
			knownRegions = (
				en,
				Base,
			);
			mainGroup = 874C2AD724483A2800542A16;
			productRefGroup = 874C2AE124483A2800542A16 /* Products */;
			projectDirPath = "";
			projectRoot = "";
			targets = (
				874C2ADF24483A2800542A16 /* skein-of-heart */,
			);
		};
/* End PBXProject section */

/* Begin PBXResourcesBuildPhase section */
		874C2ADE24483A2800542A16 /* Resources */ = {
			isa = PBXResourcesBuildPhase;
			buildActionMask = 2147483647;
			files = (
				874C2AF024483A2C00542A16 /* LaunchScreen.storyboard in Resources */,
				874C2AED24483A2C00542A16 /* Assets.xcassets in Resources */,
				874C2AEB24483A2800542A16 /* Main.storyboard in Resources */,
				87512F062472CCB800BFB1F1 /* GoogleService-Info.plist in Resources */,
			);
			runOnlyForDeploymentPostprocessing = 0;
		};
/* End PBXResourcesBuildPhase section */

/* Begin PBXShellScriptBuildPhase section */
		0EC009AF4F37A80B72BC9381 /* [CP] Embed Pods Frameworks */ = {
			isa = PBXShellScriptBuildPhase;
			buildActionMask = 2147483647;
			files = (
			);
			inputFileListPaths = (
				"${PODS_ROOT}/Target Support Files/Pods-skein-of-heart/Pods-skein-of-heart-frameworks-${CONFIGURATION}-input-files.xcfilelist",
			);
			name = "[CP] Embed Pods Frameworks";
			outputFileListPaths = (
				"${PODS_ROOT}/Target Support Files/Pods-skein-of-heart/Pods-skein-of-heart-frameworks-${CONFIGURATION}-output-files.xcfilelist",
			);
			runOnlyForDeploymentPostprocessing = 0;
			shellPath = /bin/sh;
			shellScript = "\"${PODS_ROOT}/Target Support Files/Pods-skein-of-heart/Pods-skein-of-heart-frameworks.sh\"\n";
			showEnvVarsInLog = 0;
		};
		6E79ED8573EB4F2BA39826BF /* [CP] Check Pods Manifest.lock */ = {
			isa = PBXShellScriptBuildPhase;
			buildActionMask = 2147483647;
			files = (
			);
			inputFileListPaths = (
			);
			inputPaths = (
				"${PODS_PODFILE_DIR_PATH}/Podfile.lock",
				"${PODS_ROOT}/Manifest.lock",
			);
			name = "[CP] Check Pods Manifest.lock";
			outputFileListPaths = (
			);
			outputPaths = (
				"$(DERIVED_FILE_DIR)/Pods-skein-of-heart-checkManifestLockResult.txt",
			);
			runOnlyForDeploymentPostprocessing = 0;
			shellPath = /bin/sh;
			shellScript = "diff \"${PODS_PODFILE_DIR_PATH}/Podfile.lock\" \"${PODS_ROOT}/Manifest.lock\" > /dev/null\nif [ $? != 0 ] ; then\n    # print error to STDERR\n    echo \"error: The sandbox is not in sync with the Podfile.lock. Run 'pod install' or update your CocoaPods installation.\" >&2\n    exit 1\nfi\n# This output is used by Xcode 'outputs' to avoid re-running this script phase.\necho \"SUCCESS\" > \"${SCRIPT_OUTPUT_FILE_0}\"\n";
			showEnvVarsInLog = 0;
		};
		CAE2E3DDFBC9F7EA4A5B9CE5 /* [CP] Copy Pods Resources */ = {
			isa = PBXShellScriptBuildPhase;
			buildActionMask = 2147483647;
			files = (
			);
			inputFileListPaths = (
				"${PODS_ROOT}/Target Support Files/Pods-skein-of-heart/Pods-skein-of-heart-resources-${CONFIGURATION}-input-files.xcfilelist",
			);
			name = "[CP] Copy Pods Resources";
			outputFileListPaths = (
				"${PODS_ROOT}/Target Support Files/Pods-skein-of-heart/Pods-skein-of-heart-resources-${CONFIGURATION}-output-files.xcfilelist",
			);
			runOnlyForDeploymentPostprocessing = 0;
			shellPath = /bin/sh;
			shellScript = "\"${PODS_ROOT}/Target Support Files/Pods-skein-of-heart/Pods-skein-of-heart-resources.sh\"\n";
			showEnvVarsInLog = 0;
		};
/* End PBXShellScriptBuildPhase section */

/* Begin PBXSourcesBuildPhase section */
		874C2ADC24483A2800542A16 /* Sources */ = {
			isa = PBXSourcesBuildPhase;
			buildActionMask = 2147483647;
			files = (
				8720C6DA2466E04600DD1DB0 /* DiaryPagesTableViewController.swift in Sources */,
				8720C6D62466E00E00DD1DB0 /* DiaryPageViewController.swift in Sources */,
				8720C6D82466E03700DD1DB0 /* DiariesTableViewController.swift in Sources */,
				87137F88246B29110047790C /* LogInViewController.swift in Sources */,
				874C2AE424483A2800542A16 /* AppDelegate.swift in Sources */,
				874C2AE624483A2800542A16 /* SceneDelegate.swift in Sources */,
				87EB439124745994004FD8A8 /* DiaryTabBarViewController.swift in Sources */,
				87137F83246B1D770047790C /* Diary.swift in Sources */,
			);
			runOnlyForDeploymentPostprocessing = 0;
		};
/* End PBXSourcesBuildPhase section */

/* Begin PBXVariantGroup section */
		874C2AE924483A2800542A16 /* Main.storyboard */ = {
			isa = PBXVariantGroup;
			children = (
				874C2AEA24483A2800542A16 /* Base */,
			);
			name = Main.storyboard;
			sourceTree = "<group>";
		};
		874C2AEE24483A2C00542A16 /* LaunchScreen.storyboard */ = {
			isa = PBXVariantGroup;
			children = (
				874C2AEF24483A2C00542A16 /* Base */,
			);
			name = LaunchScreen.storyboard;
			sourceTree = "<group>";
		};
/* End PBXVariantGroup section */

/* Begin XCBuildConfiguration section */
		874C2AF224483A2C00542A16 /* Debug */ = {
			isa = XCBuildConfiguration;
			buildSettings = {
				ALWAYS_SEARCH_USER_PATHS = NO;
				CLANG_ANALYZER_NONNULL = YES;
				CLANG_ANALYZER_NUMBER_OBJECT_CONVERSION = YES_AGGRESSIVE;
				CLANG_CXX_LANGUAGE_STANDARD = "gnu++14";
				CLANG_CXX_LIBRARY = "libc++";
				CLANG_ENABLE_MODULES = YES;
				CLANG_ENABLE_OBJC_ARC = YES;
				CLANG_ENABLE_OBJC_WEAK = YES;
				CLANG_WARN_BLOCK_CAPTURE_AUTORELEASING = YES;
				CLANG_WARN_BOOL_CONVERSION = YES;
				CLANG_WARN_COMMA = YES;
				CLANG_WARN_CONSTANT_CONVERSION = YES;
				CLANG_WARN_DEPRECATED_OBJC_IMPLEMENTATIONS = YES;
				CLANG_WARN_DIRECT_OBJC_ISA_USAGE = YES_ERROR;
				CLANG_WARN_DOCUMENTATION_COMMENTS = YES;
				CLANG_WARN_EMPTY_BODY = YES;
				CLANG_WARN_ENUM_CONVERSION = YES;
				CLANG_WARN_INFINITE_RECURSION = YES;
				CLANG_WARN_INT_CONVERSION = YES;
				CLANG_WARN_NON_LITERAL_NULL_CONVERSION = YES;
				CLANG_WARN_OBJC_IMPLICIT_RETAIN_SELF = YES;
				CLANG_WARN_OBJC_LITERAL_CONVERSION = YES;
				CLANG_WARN_OBJC_ROOT_CLASS = YES_ERROR;
				CLANG_WARN_RANGE_LOOP_ANALYSIS = YES;
				CLANG_WARN_STRICT_PROTOTYPES = YES;
				CLANG_WARN_SUSPICIOUS_MOVE = YES;
				CLANG_WARN_UNGUARDED_AVAILABILITY = YES_AGGRESSIVE;
				CLANG_WARN_UNREACHABLE_CODE = YES;
				CLANG_WARN__DUPLICATE_METHOD_MATCH = YES;
				COPY_PHASE_STRIP = NO;
				DEBUG_INFORMATION_FORMAT = dwarf;
				ENABLE_STRICT_OBJC_MSGSEND = YES;
				ENABLE_TESTABILITY = YES;
				GCC_C_LANGUAGE_STANDARD = gnu11;
				GCC_DYNAMIC_NO_PIC = NO;
				GCC_NO_COMMON_BLOCKS = YES;
				GCC_OPTIMIZATION_LEVEL = 0;
				GCC_PREPROCESSOR_DEFINITIONS = (
					"DEBUG=1",
					"$(inherited)",
				);
				GCC_WARN_64_TO_32_BIT_CONVERSION = YES;
				GCC_WARN_ABOUT_RETURN_TYPE = YES_ERROR;
				GCC_WARN_UNDECLARED_SELECTOR = YES;
				GCC_WARN_UNINITIALIZED_AUTOS = YES_AGGRESSIVE;
				GCC_WARN_UNUSED_FUNCTION = YES;
				GCC_WARN_UNUSED_VARIABLE = YES;
				IPHONEOS_DEPLOYMENT_TARGET = 13.4;
				MTL_ENABLE_DEBUG_INFO = INCLUDE_SOURCE;
				MTL_FAST_MATH = YES;
				ONLY_ACTIVE_ARCH = YES;
				SDKROOT = iphoneos;
				SWIFT_ACTIVE_COMPILATION_CONDITIONS = DEBUG;
				SWIFT_OPTIMIZATION_LEVEL = "-Onone";
			};
			name = Debug;
		};
		874C2AF324483A2C00542A16 /* Release */ = {
			isa = XCBuildConfiguration;
			buildSettings = {
				ALWAYS_SEARCH_USER_PATHS = NO;
				CLANG_ANALYZER_NONNULL = YES;
				CLANG_ANALYZER_NUMBER_OBJECT_CONVERSION = YES_AGGRESSIVE;
				CLANG_CXX_LANGUAGE_STANDARD = "gnu++14";
				CLANG_CXX_LIBRARY = "libc++";
				CLANG_ENABLE_MODULES = YES;
				CLANG_ENABLE_OBJC_ARC = YES;
				CLANG_ENABLE_OBJC_WEAK = YES;
				CLANG_WARN_BLOCK_CAPTURE_AUTORELEASING = YES;
				CLANG_WARN_BOOL_CONVERSION = YES;
				CLANG_WARN_COMMA = YES;
				CLANG_WARN_CONSTANT_CONVERSION = YES;
				CLANG_WARN_DEPRECATED_OBJC_IMPLEMENTATIONS = YES;
				CLANG_WARN_DIRECT_OBJC_ISA_USAGE = YES_ERROR;
				CLANG_WARN_DOCUMENTATION_COMMENTS = YES;
				CLANG_WARN_EMPTY_BODY = YES;
				CLANG_WARN_ENUM_CONVERSION = YES;
				CLANG_WARN_INFINITE_RECURSION = YES;
				CLANG_WARN_INT_CONVERSION = YES;
				CLANG_WARN_NON_LITERAL_NULL_CONVERSION = YES;
				CLANG_WARN_OBJC_IMPLICIT_RETAIN_SELF = YES;
				CLANG_WARN_OBJC_LITERAL_CONVERSION = YES;
				CLANG_WARN_OBJC_ROOT_CLASS = YES_ERROR;
				CLANG_WARN_RANGE_LOOP_ANALYSIS = YES;
				CLANG_WARN_STRICT_PROTOTYPES = YES;
				CLANG_WARN_SUSPICIOUS_MOVE = YES;
				CLANG_WARN_UNGUARDED_AVAILABILITY = YES_AGGRESSIVE;
				CLANG_WARN_UNREACHABLE_CODE = YES;
				CLANG_WARN__DUPLICATE_METHOD_MATCH = YES;
				COPY_PHASE_STRIP = NO;
				DEBUG_INFORMATION_FORMAT = "dwarf-with-dsym";
				ENABLE_NS_ASSERTIONS = NO;
				ENABLE_STRICT_OBJC_MSGSEND = YES;
				GCC_C_LANGUAGE_STANDARD = gnu11;
				GCC_NO_COMMON_BLOCKS = YES;
				GCC_WARN_64_TO_32_BIT_CONVERSION = YES;
				GCC_WARN_ABOUT_RETURN_TYPE = YES_ERROR;
				GCC_WARN_UNDECLARED_SELECTOR = YES;
				GCC_WARN_UNINITIALIZED_AUTOS = YES_AGGRESSIVE;
				GCC_WARN_UNUSED_FUNCTION = YES;
				GCC_WARN_UNUSED_VARIABLE = YES;
				IPHONEOS_DEPLOYMENT_TARGET = 13.4;
				MTL_ENABLE_DEBUG_INFO = NO;
				MTL_FAST_MATH = YES;
				SDKROOT = iphoneos;
				SWIFT_COMPILATION_MODE = wholemodule;
				SWIFT_OPTIMIZATION_LEVEL = "-O";
				VALIDATE_PRODUCT = YES;
			};
			name = Release;
		};
		874C2AF524483A2C00542A16 /* Debug */ = {
			isa = XCBuildConfiguration;
			baseConfigurationReference = 4B827B088B8E61D764E604A5 /* Pods-skein-of-heart.debug.xcconfig */;
			buildSettings = {
				ASSETCATALOG_COMPILER_APPICON_NAME = AppIcon;
				CLANG_ENABLE_MODULES = YES;
				CODE_SIGN_STYLE = Automatic;
				DEVELOPMENT_TEAM = 6HZPF82MN3;
				INFOPLIST_FILE = "skein-of-heart/Info.plist";
				LD_RUNPATH_SEARCH_PATHS = (
					"$(inherited)",
					"@executable_path/Frameworks",
				);
				PRODUCT_BUNDLE_IDENTIFIER = "ight.hyozJo-o.student.skein-of-heart";
				PRODUCT_NAME = "$(TARGET_NAME)";
				SWIFT_OPTIMIZATION_LEVEL = "-Onone";
				SWIFT_VERSION = 5.0;
				TARGETED_DEVICE_FAMILY = "1,2";
			};
			name = Debug;
		};
		874C2AF624483A2C00542A16 /* Release */ = {
			isa = XCBuildConfiguration;
			baseConfigurationReference = 23D1CBE5DB900D7E3344D775 /* Pods-skein-of-heart.release.xcconfig */;
			buildSettings = {
				ASSETCATALOG_COMPILER_APPICON_NAME = AppIcon;
				CLANG_ENABLE_MODULES = YES;
				CODE_SIGN_STYLE = Automatic;
				DEVELOPMENT_TEAM = 6HZPF82MN3;
				INFOPLIST_FILE = "skein-of-heart/Info.plist";
				LD_RUNPATH_SEARCH_PATHS = (
					"$(inherited)",
					"@executable_path/Frameworks",
				);
				PRODUCT_BUNDLE_IDENTIFIER = "ight.hyozJo-o.student.skein-of-heart";
				PRODUCT_NAME = "$(TARGET_NAME)";
				SWIFT_VERSION = 5.0;
				TARGETED_DEVICE_FAMILY = "1,2";
			};
			name = Release;
		};
/* End XCBuildConfiguration section */

/* Begin XCConfigurationList section */
		874C2ADB24483A2800542A16 /* Build configuration list for PBXProject "skein-of-heart" */ = {
			isa = XCConfigurationList;
			buildConfigurations = (
				874C2AF224483A2C00542A16 /* Debug */,
				874C2AF324483A2C00542A16 /* Release */,
			);
			defaultConfigurationIsVisible = 0;
			defaultConfigurationName = Release;
		};
		874C2AF424483A2C00542A16 /* Build configuration list for PBXNativeTarget "skein-of-heart" */ = {
			isa = XCConfigurationList;
			buildConfigurations = (
				874C2AF524483A2C00542A16 /* Debug */,
				874C2AF624483A2C00542A16 /* Release */,
			);
			defaultConfigurationIsVisible = 0;
			defaultConfigurationName = Release;
		};
/* End XCConfigurationList section */
	};
	rootObject = 874C2AD824483A2800542A16 /* Project object */;
}
